// !$*UTF8*$!
{
	archiveVersion = 1;
	classes = {
	};
	objectVersion = 46;
	objects = {

/* Begin PBXBuildFile section */
		455392F91F17AC3E00E8A6B9 /* TabBarController.swift in Sources */ = {isa = PBXBuildFile; fileRef = 455392F81F17AC3E00E8A6B9 /* TabBarController.swift */; };
		45A7F9D41F17868E00030C62 /* AppDelegate.swift in Sources */ = {isa = PBXBuildFile; fileRef = 45A7F9D31F17868E00030C62 /* AppDelegate.swift */; };
		45A7F9D61F17868E00030C62 /* ObjectViewController.swift in Sources */ = {isa = PBXBuildFile; fileRef = 45A7F9D51F17868E00030C62 /* ObjectViewController.swift */; };
		45A7F9D91F17868E00030C62 /* Main.storyboard in Resources */ = {isa = PBXBuildFile; fileRef = 45A7F9D71F17868E00030C62 /* Main.storyboard */; };
		45A7F9DB1F17868E00030C62 /* Assets.xcassets in Resources */ = {isa = PBXBuildFile; fileRef = 45A7F9DA1F17868E00030C62 /* Assets.xcassets */; };
		45A7F9DE1F17868E00030C62 /* LaunchScreen.storyboard in Resources */ = {isa = PBXBuildFile; fileRef = 45A7F9DC1F17868E00030C62 /* LaunchScreen.storyboard */; };
		45A7F9E91F17868E00030C62 /* SplitViewTestTests.swift in Sources */ = {isa = PBXBuildFile; fileRef = 45A7F9E81F17868E00030C62 /* SplitViewTestTests.swift */; };
		45A7F9F41F17868E00030C62 /* SplitViewTestUITests.swift in Sources */ = {isa = PBXBuildFile; fileRef = 45A7F9F31F17868E00030C62 /* SplitViewTestUITests.swift */; };
		45A7FA021F17875E00030C62 /* MasterViewController.swift in Sources */ = {isa = PBXBuildFile; fileRef = 45A7FA011F17875E00030C62 /* MasterViewController.swift */; };
		45A7FA041F17876C00030C62 /* DetailViewController.swift in Sources */ = {isa = PBXBuildFile; fileRef = 45A7FA031F17876C00030C62 /* DetailViewController.swift */; };
		45A7FA071F17895700030C62 /* SplitViewController.swift in Sources */ = {isa = PBXBuildFile; fileRef = 45A7FA061F17895700030C62 /* SplitViewController.swift */; };
		45B258401F2F5BD000079737 /* SplitViewControllerStoryboard.storyboard in Resources */ = {isa = PBXBuildFile; fileRef = 45B2583F1F2F5BD000079737 /* SplitViewControllerStoryboard.storyboard */; };
/* End PBXBuildFile section */

/* Begin PBXContainerItemProxy section */
		45A7F9E51F17868E00030C62 /* PBXContainerItemProxy */ = {
			isa = PBXContainerItemProxy;
			containerPortal = 45A7F9C81F17868E00030C62 /* Project object */;
			proxyType = 1;
			remoteGlobalIDString = 45A7F9CF1F17868E00030C62;
			remoteInfo = SplitViewTest;
		};
		45A7F9F01F17868E00030C62 /* PBXContainerItemProxy */ = {
			isa = PBXContainerItemProxy;
			containerPortal = 45A7F9C81F17868E00030C62 /* Project object */;
			proxyType = 1;
			remoteGlobalIDString = 45A7F9CF1F17868E00030C62;
			remoteInfo = SplitViewTest;
		};
/* End PBXContainerItemProxy section */

/* Begin PBXFileReference section */
		455392F81F17AC3E00E8A6B9 /* TabBarController.swift */ = {isa = PBXFileReference; fileEncoding = 4; lastKnownFileType = sourcecode.swift; path = TabBarController.swift; sourceTree = "<group>"; };
		45A7F9D01F17868E00030C62 /* SplitViewTest.app */ = {isa = PBXFileReference; explicitFileType = wrapper.application; includeInIndex = 0; path = SplitViewTest.app; sourceTree = BUILT_PRODUCTS_DIR; };
		45A7F9D31F17868E00030C62 /* AppDelegate.swift */ = {isa = PBXFileReference; lastKnownFileType = sourcecode.swift; path = AppDelegate.swift; sourceTree = "<group>"; };
		45A7F9D51F17868E00030C62 /* ObjectViewController.swift */ = {isa = PBXFileReference; lastKnownFileType = sourcecode.swift; path = ObjectViewController.swift; sourceTree = "<group>"; };
		45A7F9D81F17868E00030C62 /* Base */ = {isa = PBXFileReference; lastKnownFileType = file.storyboard; name = Base; path = Base.lproj/Main.storyboard; sourceTree = "<group>"; };
		45A7F9DA1F17868E00030C62 /* Assets.xcassets */ = {isa = PBXFileReference; lastKnownFileType = folder.assetcatalog; path = Assets.xcassets; sourceTree = "<group>"; };
		45A7F9DD1F17868E00030C62 /* Base */ = {isa = PBXFileReference; lastKnownFileType = file.storyboard; name = Base; path = Base.lproj/LaunchScreen.storyboard; sourceTree = "<group>"; };
		45A7F9DF1F17868E00030C62 /* Info.plist */ = {isa = PBXFileReference; lastKnownFileType = text.plist.xml; path = Info.plist; sourceTree = "<group>"; };
		45A7F9E41F17868E00030C62 /* SplitViewTestTests.xctest */ = {isa = PBXFileReference; explicitFileType = wrapper.cfbundle; includeInIndex = 0; path = SplitViewTestTests.xctest; sourceTree = BUILT_PRODUCTS_DIR; };
		45A7F9E81F17868E00030C62 /* SplitViewTestTests.swift */ = {isa = PBXFileReference; lastKnownFileType = sourcecode.swift; path = SplitViewTestTests.swift; sourceTree = "<group>"; };
		45A7F9EA1F17868E00030C62 /* Info.plist */ = {isa = PBXFileReference; lastKnownFileType = text.plist.xml; path = Info.plist; sourceTree = "<group>"; };
		45A7F9EF1F17868E00030C62 /* SplitViewTestUITests.xctest */ = {isa = PBXFileReference; explicitFileType = wrapper.cfbundle; includeInIndex = 0; path = SplitViewTestUITests.xctest; sourceTree = BUILT_PRODUCTS_DIR; };
		45A7F9F31F17868E00030C62 /* SplitViewTestUITests.swift */ = {isa = PBXFileReference; lastKnownFileType = sourcecode.swift; path = SplitViewTestUITests.swift; sourceTree = "<group>"; };
		45A7F9F51F17868E00030C62 /* Info.plist */ = {isa = PBXFileReference; lastKnownFileType = text.plist.xml; path = Info.plist; sourceTree = "<group>"; };
		45A7FA011F17875E00030C62 /* MasterViewController.swift */ = {isa = PBXFileReference; fileEncoding = 4; lastKnownFileType = sourcecode.swift; path = MasterViewController.swift; sourceTree = "<group>"; };
		45A7FA031F17876C00030C62 /* DetailViewController.swift */ = {isa = PBXFileReference; fileEncoding = 4; lastKnownFileType = sourcecode.swift; path = DetailViewController.swift; sourceTree = "<group>"; };
		45A7FA061F17895700030C62 /* SplitViewController.swift */ = {isa = PBXFileReference; fileEncoding = 4; lastKnownFileType = sourcecode.swift; path = SplitViewController.swift; sourceTree = "<group>"; };
		45B2583F1F2F5BD000079737 /* SplitViewControllerStoryboard.storyboard */ = {isa = PBXFileReference; fileEncoding = 4; lastKnownFileType = file.storyboard; path = SplitViewControllerStoryboard.storyboard; sourceTree = "<group>"; };
/* End PBXFileReference section */

/* Begin PBXFrameworksBuildPhase section */
		45A7F9CD1F17868E00030C62 /* Frameworks */ = {
			isa = PBXFrameworksBuildPhase;
			buildActionMask = 2147483647;
			files = (
			);
			runOnlyForDeploymentPostprocessing = 0;
		};
		45A7F9E11F17868E00030C62 /* Frameworks */ = {
			isa = PBXFrameworksBuildPhase;
			buildActionMask = 2147483647;
			files = (
			);
			runOnlyForDeploymentPostprocessing = 0;
		};
		45A7F9EC1F17868E00030C62 /* Frameworks */ = {
			isa = PBXFrameworksBuildPhase;
			buildActionMask = 2147483647;
			files = (
			);
			runOnlyForDeploymentPostprocessing = 0;
		};
/* End PBXFrameworksBuildPhase section */

/* Begin PBXGroup section */
		45A7F9C71F17868E00030C62 = {
			isa = PBXGroup;
			children = (
				45A7F9D21F17868E00030C62 /* SplitViewTest */,
				45A7F9E71F17868E00030C62 /* SplitViewTestTests */,
				45A7F9F21F17868E00030C62 /* SplitViewTestUITests */,
				45A7F9D11F17868E00030C62 /* Products */,
			);
			sourceTree = "<group>";
		};
		45A7F9D11F17868E00030C62 /* Products */ = {
			isa = PBXGroup;
			children = (
				45A7F9D01F17868E00030C62 /* SplitViewTest.app */,
				45A7F9E41F17868E00030C62 /* SplitViewTestTests.xctest */,
				45A7F9EF1F17868E00030C62 /* SplitViewTestUITests.xctest */,
			);
			name = Products;
			sourceTree = "<group>";
		};
		45A7F9D21F17868E00030C62 /* SplitViewTest */ = {
			isa = PBXGroup;
			children = (
				45A7F9D31F17868E00030C62 /* AppDelegate.swift */,
				455392F81F17AC3E00E8A6B9 /* TabBarController.swift */,
				45A7FA061F17895700030C62 /* SplitViewController.swift */,
				45A7FA011F17875E00030C62 /* MasterViewController.swift */,
				45A7FA031F17876C00030C62 /* DetailViewController.swift */,
				45A7F9D51F17868E00030C62 /* ObjectViewController.swift */,
				45A7F9D71F17868E00030C62 /* Main.storyboard */,
				45B2583F1F2F5BD000079737 /* SplitViewControllerStoryboard.storyboard */,
				45A7F9DA1F17868E00030C62 /* Assets.xcassets */,
				45A7F9DC1F17868E00030C62 /* LaunchScreen.storyboard */,
				45A7F9DF1F17868E00030C62 /* Info.plist */,
			);
			path = SplitViewTest;
			sourceTree = "<group>";
		};
		45A7F9E71F17868E00030C62 /* SplitViewTestTests */ = {
			isa = PBXGroup;
			children = (
				45A7F9E81F17868E00030C62 /* SplitViewTestTests.swift */,
				45A7F9EA1F17868E00030C62 /* Info.plist */,
			);
			path = SplitViewTestTests;
			sourceTree = "<group>";
		};
		45A7F9F21F17868E00030C62 /* SplitViewTestUITests */ = {
			isa = PBXGroup;
			children = (
				45A7F9F31F17868E00030C62 /* SplitViewTestUITests.swift */,
				45A7F9F51F17868E00030C62 /* Info.plist */,
			);
			path = SplitViewTestUITests;
			sourceTree = "<group>";
		};
/* End PBXGroup section */

/* Begin PBXNativeTarget section */
		45A7F9CF1F17868E00030C62 /* SplitViewTest */ = {
			isa = PBXNativeTarget;
			buildConfigurationList = 45A7F9F81F17868E00030C62 /* Build configuration list for PBXNativeTarget "SplitViewTest" */;
			buildPhases = (
				45A7F9CC1F17868E00030C62 /* Sources */,
				45A7F9CD1F17868E00030C62 /* Frameworks */,
				45A7F9CE1F17868E00030C62 /* Resources */,
			);
			buildRules = (
			);
			dependencies = (
			);
			name = SplitViewTest;
			productName = SplitViewTest;
			productReference = 45A7F9D01F17868E00030C62 /* SplitViewTest.app */;
			productType = "com.apple.product-type.application";
		};
		45A7F9E31F17868E00030C62 /* SplitViewTestTests */ = {
			isa = PBXNativeTarget;
			buildConfigurationList = 45A7F9FB1F17868E00030C62 /* Build configuration list for PBXNativeTarget "SplitViewTestTests" */;
			buildPhases = (
				45A7F9E01F17868E00030C62 /* Sources */,
				45A7F9E11F17868E00030C62 /* Frameworks */,
				45A7F9E21F17868E00030C62 /* Resources */,
			);
			buildRules = (
			);
			dependencies = (
				45A7F9E61F17868E00030C62 /* PBXTargetDependency */,
			);
			name = SplitViewTestTests;
			productName = SplitViewTestTests;
			productReference = 45A7F9E41F17868E00030C62 /* SplitViewTestTests.xctest */;
			productType = "com.apple.product-type.bundle.unit-test";
		};
		45A7F9EE1F17868E00030C62 /* SplitViewTestUITests */ = {
			isa = PBXNativeTarget;
			buildConfigurationList = 45A7F9FE1F17868E00030C62 /* Build configuration list for PBXNativeTarget "SplitViewTestUITests" */;
			buildPhases = (
				45A7F9EB1F17868E00030C62 /* Sources */,
				45A7F9EC1F17868E00030C62 /* Frameworks */,
				45A7F9ED1F17868E00030C62 /* Resources */,
			);
			buildRules = (
			);
			dependencies = (
				45A7F9F11F17868E00030C62 /* PBXTargetDependency */,
			);
			name = SplitViewTestUITests;
			productName = SplitViewTestUITests;
			productReference = 45A7F9EF1F17868E00030C62 /* SplitViewTestUITests.xctest */;
			productType = "com.apple.product-type.bundle.ui-testing";
		};
/* End PBXNativeTarget section */

/* Begin PBXProject section */
		45A7F9C81F17868E00030C62 /* Project object */ = {
			isa = PBXProject;
			attributes = {
				LastSwiftUpdateCheck = 0830;
				LastUpgradeCheck = 0830;
				ORGANIZATIONNAME = "Utheim Sverdrup, Ulrik";
				TargetAttributes = {
					45A7F9CF1F17868E00030C62 = {
						CreatedOnToolsVersion = 8.3.3;
						ProvisioningStyle = Automatic;
					};
					45A7F9E31F17868E00030C62 = {
						CreatedOnToolsVersion = 8.3.3;
						ProvisioningStyle = Automatic;
						TestTargetID = 45A7F9CF1F17868E00030C62;
					};
					45A7F9EE1F17868E00030C62 = {
						CreatedOnToolsVersion = 8.3.3;
						ProvisioningStyle = Automatic;
						TestTargetID = 45A7F9CF1F17868E00030C62;
					};
				};
			};
			buildConfigurationList = 45A7F9CB1F17868E00030C62 /* Build configuration list for PBXProject "SplitViewTest" */;
			compatibilityVersion = "Xcode 3.2";
			developmentRegion = English;
			hasScannedForEncodings = 0;
			knownRegions = (
				en,
				Base,
			);
			mainGroup = 45A7F9C71F17868E00030C62;
			productRefGroup = 45A7F9D11F17868E00030C62 /* Products */;
			projectDirPath = "";
			projectRoot = "";
			targets = (
				45A7F9CF1F17868E00030C62 /* SplitViewTest */,
				45A7F9E31F17868E00030C62 /* SplitViewTestTests */,
				45A7F9EE1F17868E00030C62 /* SplitViewTestUITests */,
			);
		};
/* End PBXProject section */

/* Begin PBXResourcesBuildPhase section */
		45A7F9CE1F17868E00030C62 /* Resources */ = {
			isa = PBXResourcesBuildPhase;
			buildActionMask = 2147483647;
			files = (
				45A7F9DE1F17868E00030C62 /* LaunchScreen.storyboard in Resources */,
				45A7F9DB1F17868E00030C62 /* Assets.xcassets in Resources */,
				45A7F9D91F17868E00030C62 /* Main.storyboard in Resources */,
				45B258401F2F5BD000079737 /* SplitViewControllerStoryboard.storyboard in Resources */,
			);
			runOnlyForDeploymentPostprocessing = 0;
		};
		45A7F9E21F17868E00030C62 /* Resources */ = {
			isa = PBXResourcesBuildPhase;
			buildActionMask = 2147483647;
			files = (
			);
			runOnlyForDeploymentPostprocessing = 0;
		};
		45A7F9ED1F17868E00030C62 /* Resources */ = {
			isa = PBXResourcesBuildPhase;
			buildActionMask = 2147483647;
			files = (
			);
			runOnlyForDeploymentPostprocessing = 0;
		};
/* End PBXResourcesBuildPhase section */

/* Begin PBXSourcesBuildPhase section */
		45A7F9CC1F17868E00030C62 /* Sources */ = {
			isa = PBXSourcesBuildPhase;
			buildActionMask = 2147483647;
			files = (
				45A7FA071F17895700030C62 /* SplitViewController.swift in Sources */,
				45A7F9D61F17868E00030C62 /* ObjectViewController.swift in Sources */,
				45A7F9D41F17868E00030C62 /* AppDelegate.swift in Sources */,
				455392F91F17AC3E00E8A6B9 /* TabBarController.swift in Sources */,
				45A7FA021F17875E00030C62 /* MasterViewController.swift in Sources */,
				45A7FA041F17876C00030C62 /* DetailViewController.swift in Sources */,
			);
			runOnlyForDeploymentPostprocessing = 0;
		};
		45A7F9E01F17868E00030C62 /* Sources */ = {
			isa = PBXSourcesBuildPhase;
			buildActionMask = 2147483647;
			files = (
				45A7F9E91F17868E00030C62 /* SplitViewTestTests.swift in Sources */,
			);
			runOnlyForDeploymentPostprocessing = 0;
		};
		45A7F9EB1F17868E00030C62 /* Sources */ = {
			isa = PBXSourcesBuildPhase;
			buildActionMask = 2147483647;
			files = (
				45A7F9F41F17868E00030C62 /* SplitViewTestUITests.swift in Sources */,
			);
			runOnlyForDeploymentPostprocessing = 0;
		};
/* End PBXSourcesBuildPhase section */

/* Begin PBXTargetDependency section */
		45A7F9E61F17868E00030C62 /* PBXTargetDependency */ = {
			isa = PBXTargetDependency;
			target = 45A7F9CF1F17868E00030C62 /* SplitViewTest */;
			targetProxy = 45A7F9E51F17868E00030C62 /* PBXContainerItemProxy */;
		};
		45A7F9F11F17868E00030C62 /* PBXTargetDependency */ = {
			isa = PBXTargetDependency;
			target = 45A7F9CF1F17868E00030C62 /* SplitViewTest */;
			targetProxy = 45A7F9F01F17868E00030C62 /* PBXContainerItemProxy */;
		};
/* End PBXTargetDependency section */

/* Begin PBXVariantGroup section */
		45A7F9D71F17868E00030C62 /* Main.storyboard */ = {
			isa = PBXVariantGroup;
			children = (
				45A7F9D81F17868E00030C62 /* Base */,
			);
			name = Main.storyboard;
			sourceTree = "<group>";
		};
		45A7F9DC1F17868E00030C62 /* LaunchScreen.storyboard */ = {
			isa = PBXVariantGroup;
			children = (
				45A7F9DD1F17868E00030C62 /* Base */,
			);
			name = LaunchScreen.storyboard;
			sourceTree = "<group>";
		};
/* End PBXVariantGroup section */

/* Begin XCBuildConfiguration section */
		45A7F9F61F17868E00030C62 /* Debug */ = {
			isa = XCBuildConfiguration;
			buildSettings = {
				ALWAYS_SEARCH_USER_PATHS = NO;
				CLANG_ANALYZER_NONNULL = YES;
				CLANG_ANALYZER_NUMBER_OBJECT_CONVERSION = YES_AGGRESSIVE;
				CLANG_CXX_LANGUAGE_STANDARD = "gnu++0x";
				CLANG_CXX_LIBRARY = "libc++";
				CLANG_ENABLE_MODULES = YES;
				CLANG_ENABLE_OBJC_ARC = YES;
				CLANG_WARN_BOOL_CONVERSION = YES;
				CLANG_WARN_CONSTANT_CONVERSION = YES;
				CLANG_WARN_DIRECT_OBJC_ISA_USAGE = YES_ERROR;
				CLANG_WARN_DOCUMENTATION_COMMENTS = YES;
				CLANG_WARN_EMPTY_BODY = YES;
				CLANG_WARN_ENUM_CONVERSION = YES;
				CLANG_WARN_INFINITE_RECURSION = YES;
				CLANG_WARN_INT_CONVERSION = YES;
				CLANG_WARN_OBJC_ROOT_CLASS = YES_ERROR;
				CLANG_WARN_SUSPICIOUS_MOVE = YES;
				CLANG_WARN_UNREACHABLE_CODE = YES;
				CLANG_WARN__DUPLICATE_METHOD_MATCH = YES;
				"CODE_SIGN_IDENTITY[sdk=iphoneos*]" = "iPhone Developer";
				COPY_PHASE_STRIP = NO;
				DEBUG_INFORMATION_FORMAT = dwarf;
				ENABLE_STRICT_OBJC_MSGSEND = YES;
				ENABLE_TESTABILITY = YES;
				GCC_C_LANGUAGE_STANDARD = gnu99;
				GCC_DYNAMIC_NO_PIC = NO;
				GCC_NO_COMMON_BLOCKS = YES;
				GCC_OPTIMIZATION_LEVEL = 0;
				GCC_PREPROCESSOR_DEFINITIONS = (
					"DEBUG=1",
					"$(inherited)",
				);
				GCC_WARN_64_TO_32_BIT_CONVERSION = YES;
				GCC_WARN_ABOUT_RETURN_TYPE = YES_ERROR;
				GCC_WARN_UNDECLARED_SELECTOR = YES;
				GCC_WARN_UNINITIALIZED_AUTOS = YES_AGGRESSIVE;
				GCC_WARN_UNUSED_FUNCTION = YES;
				GCC_WARN_UNUSED_VARIABLE = YES;
				IPHONEOS_DEPLOYMENT_TARGET = 10.3;
				MTL_ENABLE_DEBUG_INFO = YES;
				ONLY_ACTIVE_ARCH = YES;
				SDKROOT = iphoneos;
				SWIFT_ACTIVE_COMPILATION_CONDITIONS = DEBUG;
				SWIFT_OPTIMIZATION_LEVEL = "-Onone";
				TARGETED_DEVICE_FAMILY = "1,2";
			};
			name = Debug;
		};
		45A7F9F71F17868E00030C62 /* Release */ = {
			isa = XCBuildConfiguration;
			buildSettings = {
				ALWAYS_SEARCH_USER_PATHS = NO;
				CLANG_ANALYZER_NONNULL = YES;
				CLANG_ANALYZER_NUMBER_OBJECT_CONVERSION = YES_AGGRESSIVE;
				CLANG_CXX_LANGUAGE_STANDARD = "gnu++0x";
				CLANG_CXX_LIBRARY = "libc++";
				CLANG_ENABLE_MODULES = YES;
				CLANG_ENABLE_OBJC_ARC = YES;
				CLANG_WARN_BOOL_CONVERSION = YES;
				CLANG_WARN_CONSTANT_CONVERSION = YES;
				CLANG_WARN_DIRECT_OBJC_ISA_USAGE = YES_ERROR;
				CLANG_WARN_DOCUMENTATION_COMMENTS = YES;
				CLANG_WARN_EMPTY_BODY = YES;
				CLANG_WARN_ENUM_CONVERSION = YES;
				CLANG_WARN_INFINITE_RECURSION = YES;
				CLANG_WARN_INT_CONVERSION = YES;
				CLANG_WARN_OBJC_ROOT_CLASS = YES_ERROR;
				CLANG_WARN_SUSPICIOUS_MOVE = YES;
				CLANG_WARN_UNREACHABLE_CODE = YES;
				CLANG_WARN__DUPLICATE_METHOD_MATCH = YES;
				"CODE_SIGN_IDENTITY[sdk=iphoneos*]" = "iPhone Developer";
				COPY_PHASE_STRIP = NO;
				DEBUG_INFORMATION_FORMAT = "dwarf-with-dsym";
				ENABLE_NS_ASSERTIONS = NO;
				ENABLE_STRICT_OBJC_MSGSEND = YES;
				GCC_C_LANGUAGE_STANDARD = gnu99;
				GCC_NO_COMMON_BLOCKS = YES;
				GCC_WARN_64_TO_32_BIT_CONVERSION = YES;
				GCC_WARN_ABOUT_RETURN_TYPE = YES_ERROR;
				GCC_WARN_UNDECLARED_SELECTOR = YES;
				GCC_WARN_UNINITIALIZED_AUTOS = YES_AGGRESSIVE;
				GCC_WARN_UNUSED_FUNCTION = YES;
				GCC_WARN_UNUSED_VARIABLE = YES;
				IPHONEOS_DEPLOYMENT_TARGET = 10.3;
				MTL_ENABLE_DEBUG_INFO = NO;
				SDKROOT = iphoneos;
				SWIFT_OPTIMIZATION_LEVEL = "-Owholemodule";
				TARGETED_DEVICE_FAMILY = "1,2";
				VALIDATE_PRODUCT = YES;
			};
			name = Release;
		};
		45A7F9F91F17868E00030C62 /* Debug */ = {
			isa = XCBuildConfiguration;
			buildSettings = {
				ASSETCATALOG_COMPILER_APPICON_NAME = AppIcon;
				INFOPLIST_FILE = SplitViewTest/Info.plist;
				LD_RUNPATH_SEARCH_PATHS = "$(inherited) @executable_path/Frameworks";
				PRODUCT_BUNDLE_IDENTIFIER = FINN.SplitViewTest;
				PRODUCT_NAME = "$(TARGET_NAME)";
				SWIFT_VERSION = 3.0;
			};
			name = Debug;
		};
		45A7F9FA1F17868E00030C62 /* Release */ = {
			isa = XCBuildConfiguration;
			buildSettings = {
				ASSETCATALOG_COMPILER_APPICON_NAME = AppIcon;
				INFOPLIST_FILE = SplitViewTest/Info.plist;
				LD_RUNPATH_SEARCH_PATHS = "$(inherited) @executable_path/Frameworks";
				PRODUCT_BUNDLE_IDENTIFIER = FINN.SplitViewTest;
				PRODUCT_NAME = "$(TARGET_NAME)";
				SWIFT_VERSION = 3.0;
			};
			name = Release;
		};
		45A7F9FC1F17868E00030C62 /* Debug */ = {
			isa = XCBuildConfiguration;
			buildSettings = {
				ALWAYS_EMBED_SWIFT_STANDARD_LIBRARIES = YES;
				BUNDLE_LOADER = "$(TEST_HOST)";
				INFOPLIST_FILE = SplitViewTestTests/Info.plist;
				LD_RUNPATH_SEARCH_PATHS = "$(inherited) @executable_path/Frameworks @loader_path/Frameworks";
				PRODUCT_BUNDLE_IDENTIFIER = FINN.SplitViewTestTests;
				PRODUCT_NAME = "$(TARGET_NAME)";
				SWIFT_VERSION = 3.0;
				TEST_HOST = "$(BUILT_PRODUCTS_DIR)/SplitViewTest.app/SplitViewTest";
			};
			name = Debug;
		};
		45A7F9FD1F17868E00030C62 /* Release */ = {
			isa = XCBuildConfiguration;
			buildSettings = {
				ALWAYS_EMBED_SWIFT_STANDARD_LIBRARIES = YES;
				BUNDLE_LOADER = "$(TEST_HOST)";
				INFOPLIST_FILE = SplitViewTestTests/Info.plist;
				LD_RUNPATH_SEARCH_PATHS = "$(inherited) @executable_path/Frameworks @loader_path/Frameworks";
				PRODUCT_BUNDLE_IDENTIFIER = FINN.SplitViewTestTests;
				PRODUCT_NAME = "$(TARGET_NAME)";
				SWIFT_VERSION = 3.0;
				TEST_HOST = "$(BUILT_PRODUCTS_DIR)/SplitViewTest.app/SplitViewTest";
			};
			name = Release;
		};
		45A7F9FF1F17868E00030C62 /* Debug */ = {
			isa = XCBuildConfiguration;
			buildSettings = {
				ALWAYS_EMBED_SWIFT_STANDARD_LIBRARIES = YES;
				INFOPLIST_FILE = SplitViewTestUITests/Info.plist;
				LD_RUNPATH_SEARCH_PATHS = "$(inherited) @executable_path/Frameworks @loader_path/Frameworks";
				PRODUCT_BUNDLE_IDENTIFIER = FINN.SplitViewTestUITests;
				PRODUCT_NAME = "$(TARGET_NAME)";
				SWIFT_VERSION = 3.0;
				TEST_TARGET_NAME = SplitViewTest;
			};
			name = Debug;
		};
		45A7FA001F17868E00030C62 /* Release */ = {
			isa = XCBuildConfiguration;
			buildSettings = {
				ALWAYS_EMBED_SWIFT_STANDARD_LIBRARIES = YES;
				INFOPLIST_FILE = SplitViewTestUITests/Info.plist;
				LD_RUNPATH_SEARCH_PATHS = "$(inherited) @executable_path/Frameworks @loader_path/Frameworks";
				PRODUCT_BUNDLE_IDENTIFIER = FINN.SplitViewTestUITests;
				PRODUCT_NAME = "$(TARGET_NAME)";
				SWIFT_VERSION = 3.0;
				TEST_TARGET_NAME = SplitViewTest;
			};
			name = Release;
		};
/* End XCBuildConfiguration section */

/* Begin XCConfigurationList section */
		45A7F9CB1F17868E00030C62 /* Build configuration list for PBXProject "SplitViewTest" */ = {
			isa = XCConfigurationList;
			buildConfigurations = (
				45A7F9F61F17868E00030C62 /* Debug */,
				45A7F9F71F17868E00030C62 /* Release */,
			);
			defaultConfigurationIsVisible = 0;
			defaultConfigurationName = Release;
		};
		45A7F9F81F17868E00030C62 /* Build configuration list for PBXNativeTarget "SplitViewTest" */ = {
			isa = XCConfigurationList;
			buildConfigurations = (
				45A7F9F91F17868E00030C62 /* Debug */,
				45A7F9FA1F17868E00030C62 /* Release */,
			);
			defaultConfigurationIsVisible = 0;
			defaultConfigurationName = Release;
		};
		45A7F9FB1F17868E00030C62 /* Build configuration list for PBXNativeTarget "SplitViewTestTests" */ = {
			isa = XCConfigurationList;
			buildConfigurations = (
				45A7F9FC1F17868E00030C62 /* Debug */,
				45A7F9FD1F17868E00030C62 /* Release */,
			);
			defaultConfigurationIsVisible = 0;
			defaultConfigurationName = Release;
		};
		45A7F9FE1F17868E00030C62 /* Build configuration list for PBXNativeTarget "SplitViewTestUITests" */ = {
			isa = XCConfigurationList;
			buildConfigurations = (
				45A7F9FF1F17868E00030C62 /* Debug */,
				45A7FA001F17868E00030C62 /* Release */,
			);
			defaultConfigurationIsVisible = 0;
			defaultConfigurationName = Release;
		};
/* End XCConfigurationList section */
	};
	rootObject = 45A7F9C81F17868E00030C62 /* Project object */;
}
